
Microsoft Visual Studio Solution File, Format Version 12.00
Project("{2150E333-8FDC-42A3-9474-1A3956D46DE8}") = "SolutionItems", "SolutionItems", "{8BD7834A-30F0-428F-8318-F5EC170A03D4}"
EndProject
Project("{2150E333-8FDC-42A3-9474-1A3956D46DE8}") = "src", "src", "{F0FD4F0D-6AC5-4189-B5F6-DF039BE52699}"
EndProject
Project("{2150E333-8FDC-42A3-9474-1A3956D46DE8}") = "tests", "tests", "{2B541838-3B74-4018-AF5B-9AEF66C2B295}"
EndProject
Project("{FAE04EC0-301F-11D3-BF4B-00C04F79EFBC}") = "DLL", "src\DLL\DLL.csproj", "{CB1884B6-3DF4-42AB-9954-1204F55E12AE}"
EndProject
Project("{FAE04EC0-301F-11D3-BF4B-00C04F79EFBC}") = "BLL", "src\BLL\BLL.csproj", "{2E1DD06D-500F-445E-8B9E-9B0E65BEC50F}"
EndProject
Project("{FAE04EC0-301F-11D3-BF4B-00C04F79EFBC}") = "API", "src\API\API.csproj", "{11788A4C-A1C3-4E4E-A591-33990EDE94F5}"
EndProject
Global
	GlobalSection(SolutionConfigurationPlatforms) = preSolution
		Debug|Any CPU = Debug|Any CPU
		Release|Any CPU = Release|Any CPU
	EndGlobalSection
	GlobalSection(NestedProjects) = preSolution
		{CB1884B6-3DF4-42AB-9954-1204F55E12AE} = {F0FD4F0D-6AC5-4189-B5F6-DF039BE52699}
		{2E1DD06D-500F-445E-8B9E-9B0E65BEC50F} = {F0FD4F0D-6AC5-4189-B5F6-DF039BE52699}
		{11788A4C-A1C3-4E4E-A591-33990EDE94F5} = {F0FD4F0D-6AC5-4189-B5F6-DF039BE52699}
	EndGlobalSection
	GlobalSection(ProjectConfigurationPlatforms) = postSolution
		{CB1884B6-3DF4-42AB-9954-1204F55E12AE}.Debug|Any CPU.ActiveCfg = Debug|Any CPU
		{CB1884B6-3DF4-42AB-9954-1204F55E12AE}.Debug|Any CPU.Build.0 = Debug|Any CPU
		{CB1884B6-3DF4-42AB-9954-1204F55E12AE}.Release|Any CPU.ActiveCfg = Release|Any CPU
		{CB1884B6-3DF4-42AB-9954-1204F55E12AE}.Release|Any CPU.Build.0 = Release|Any CPU
		{2E1DD06D-500F-445E-8B9E-9B0E65BEC50F}.Debug|Any CPU.ActiveCfg = Debug|Any CPU
		{2E1DD06D-500F-445E-8B9E-9B0E65BEC50F}.Debug|Any CPU.Build.0 = Debug|Any CPU
		{2E1DD06D-500F-445E-8B9E-9B0E65BEC50F}.Release|Any CPU.ActiveCfg = Release|Any CPU
		{2E1DD06D-500F-445E-8B9E-9B0E65BEC50F}.Release|Any CPU.Build.0 = Release|Any CPU
		{11788A4C-A1C3-4E4E-A591-33990EDE94F5}.Debug|Any CPU.ActiveCfg = Debug|Any CPU
		{11788A4C-A1C3-4E4E-A591-33990EDE94F5}.Debug|Any CPU.Build.0 = Debug|Any CPU
		{11788A4C-A1C3-4E4E-A591-33990EDE94F5}.Release|Any CPU.ActiveCfg = Release|Any CPU
		{11788A4C-A1C3-4E4E-A591-33990EDE94F5}.Release|Any CPU.Build.0 = Release|Any CPU
	EndGlobalSection
EndGlobal
